
Microsoft Visual Studio Solution File, Format Version 12.00
# Visual Studio Version 17
VisualStudioVersion = 17.0.31912.275
MinimumVisualStudioVersion = 10.0.40219.1
Project("{9A19103F-16F7-4668-BE54-9A1E7A4F7556}") = "pluralsightfuncs", "pluralsightfuncs.csproj", "{3DA6EC1B-21CB-4317-81FC-4256195CC732}"
EndProject
Global
	GlobalSection(SolutionConfigurationPlatforms) = preSolution
		Debug|Any CPU = Debug|Any CPU
		Release|Any CPU = Release|Any CPU
	EndGlobalSection
	GlobalSection(ProjectConfigurationPlatforms) = postSolution
		{3DA6EC1B-21CB-4317-81FC-4256195CC732}.Debug|Any CPU.ActiveCfg = Debug|Any CPU
		{3DA6EC1B-21CB-4317-81FC-4256195CC732}.Debug|Any CPU.Build.0 = Debug|Any CPU
		{3DA6EC1B-21CB-4317-81FC-4256195CC732}.Release|Any CPU.ActiveCfg = Release|Any CPU
		{3DA6EC1B-21CB-4317-81FC-4256195CC732}.Release|Any CPU.Build.0 = Release|Any CPU
	EndGlobalSection
	GlobalSection(SolutionProperties) = preSolution
		HideSolutionNode = FALSE
	EndGlobalSection
	GlobalSection(ExtensibilityGlobals) = postSolution
		SolutionGuid = {06CAF527-0A40-4D3A-A4CF-CB621BCAF937}
	EndGlobalSection
EndGlobal
